
Microsoft Visual Studio Solution File, Format Version 12.00
# Visual Studio Version 17
VisualStudioVersion = 17.0.31903.59
MinimumVisualStudioVersion = 10.0.40219.1
Project("{2150E333-8FDC-42A3-9474-1A3956D46DE8}") = "src", "src", "{827E0CD3-B72D-47B6-A68D-7590B98EB39B}"
EndProject
Project("{FAE04EC0-301F-11D3-BF4B-00C04F79EFBC}") = "ErpCrmService.Domain", "src\ErpCrmService.Domain\ErpCrmService.Domain.csproj", "{74A75976-B25E-4E47-95C9-5EBBB6A5B39E}"
EndProject
Project("{FAE04EC0-301F-11D3-BF4B-00C04F79EFBC}") = "ErpCrmService.Application", "src\ErpCrmService.Application\ErpCrmService.Application.csproj", "{A6C4DC76-EBAF-4716-90E6-1BF75E6494F1}"
EndProject
Project("{FAE04EC0-301F-11D3-BF4B-00C04F79EFBC}") = "ErpCrmService.Infrastructure", "src\ErpCrmService.Infrastructure\ErpCrmService.Infrastructure.csproj", "{2619DB4B-F740-47FE-B57F-A7ABD121987A}"
EndProject
Project("{FAE04EC0-301F-11D3-BF4B-00C04F79EFBC}") = "ErpCrmService.WebApi", "src\ErpCrmService.WebApi\ErpCrmService.WebApi.csproj", "{633FB1D2-551C-49EF-9035-2C91509D17D2}"
EndProject
Global
	GlobalSection(SolutionConfigurationPlatforms) = preSolution
		Debug|Any CPU = Debug|Any CPU
		Debug|x64 = Debug|x64
		Debug|x86 = Debug|x86
		Release|Any CPU = Release|Any CPU
		Release|x64 = Release|x64
		Release|x86 = Release|x86
	EndGlobalSection
	GlobalSection(ProjectConfigurationPlatforms) = postSolution
		{74A75976-B25E-4E47-95C9-5EBBB6A5B39E}.Debug|Any CPU.ActiveCfg = Debug|Any CPU
		{74A75976-B25E-4E47-95C9-5EBBB6A5B39E}.Debug|Any CPU.Build.0 = Debug|Any CPU
		{74A75976-B25E-4E47-95C9-5EBBB6A5B39E}.Debug|x64.ActiveCfg = Debug|Any CPU
		{74A75976-B25E-4E47-95C9-5EBBB6A5B39E}.Debug|x64.Build.0 = Debug|Any CPU
		{74A75976-B25E-4E47-95C9-5EBBB6A5B39E}.Debug|x86.ActiveCfg = Debug|Any CPU
		{74A75976-B25E-4E47-95C9-5EBBB6A5B39E}.Debug|x86.Build.0 = Debug|Any CPU
		{74A75976-B25E-4E47-95C9-5EBBB6A5B39E}.Release|Any CPU.ActiveCfg = Release|Any CPU
		{74A75976-B25E-4E47-95C9-5EBBB6A5B39E}.Release|Any CPU.Build.0 = Release|Any CPU
		{74A75976-B25E-4E47-95C9-5EBBB6A5B39E}.Release|x64.ActiveCfg = Release|Any CPU
		{74A75976-B25E-4E47-95C9-5EBBB6A5B39E}.Release|x64.Build.0 = Release|Any CPU
		{74A75976-B25E-4E47-95C9-5EBBB6A5B39E}.Release|x86.ActiveCfg = Release|Any CPU
		{74A75976-B25E-4E47-95C9-5EBBB6A5B39E}.Release|x86.Build.0 = Release|Any CPU
		{A6C4DC76-EBAF-4716-90E6-1BF75E6494F1}.Debug|Any CPU.ActiveCfg = Debug|Any CPU
		{A6C4DC76-EBAF-4716-90E6-1BF75E6494F1}.Debug|Any CPU.Build.0 = Debug|Any CPU
		{A6C4DC76-EBAF-4716-90E6-1BF75E6494F1}.Debug|x64.ActiveCfg = Debug|Any CPU
		{A6C4DC76-EBAF-4716-90E6-1BF75E6494F1}.Debug|x64.Build.0 = Debug|Any CPU
		{A6C4DC76-EBAF-4716-90E6-1BF75E6494F1}.Debug|x86.ActiveCfg = Debug|Any CPU
		{A6C4DC76-EBAF-4716-90E6-1BF75E6494F1}.Debug|x86.Build.0 = Debug|Any CPU
		{A6C4DC76-EBAF-4716-90E6-1BF75E6494F1}.Release|Any CPU.ActiveCfg = Release|Any CPU
		{A6C4DC76-EBAF-4716-90E6-1BF75E6494F1}.Release|Any CPU.Build.0 = Release|Any CPU
		{A6C4DC76-EBAF-4716-90E6-1BF75E6494F1}.Release|x64.ActiveCfg = Release|Any CPU
		{A6C4DC76-EBAF-4716-90E6-1BF75E6494F1}.Release|x64.Build.0 = Release|Any CPU
		{A6C4DC76-EBAF-4716-90E6-1BF75E6494F1}.Release|x86.ActiveCfg = Release|Any CPU
		{A6C4DC76-EBAF-4716-90E6-1BF75E6494F1}.Release|x86.Build.0 = Release|Any CPU
		{2619DB4B-F740-47FE-B57F-A7ABD121987A}.Debug|Any CPU.ActiveCfg = Debug|Any CPU
		{2619DB4B-F740-47FE-B57F-A7ABD121987A}.Debug|Any CPU.Build.0 = Debug|Any CPU
		{2619DB4B-F740-47FE-B57F-A7ABD121987A}.Debug|x64.ActiveCfg = Debug|Any CPU
		{2619DB4B-F740-47FE-B57F-A7ABD121987A}.Debug|x64.Build.0 = Debug|Any CPU
		{2619DB4B-F740-47FE-B57F-A7ABD121987A}.Debug|x86.ActiveCfg = Debug|Any CPU
		{2619DB4B-F740-47FE-B57F-A7ABD121987A}.Debug|x86.Build.0 = Debug|Any CPU
		{2619DB4B-F740-47FE-B57F-A7ABD121987A}.Release|Any CPU.ActiveCfg = Release|Any CPU
		{2619DB4B-F740-47FE-B57F-A7ABD121987A}.Release|Any CPU.Build.0 = Release|Any CPU
		{2619DB4B-F740-47FE-B57F-A7ABD121987A}.Release|x64.ActiveCfg = Release|Any CPU
		{2619DB4B-F740-47FE-B57F-A7ABD121987A}.Release|x64.Build.0 = Release|Any CPU
		{2619DB4B-F740-47FE-B57F-A7ABD121987A}.Release|x86.ActiveCfg = Release|Any CPU
		{2619DB4B-F740-47FE-B57F-A7ABD121987A}.Release|x86.Build.0 = Release|Any CPU
		{633FB1D2-551C-49EF-9035-2C91509D17D2}.Debug|Any CPU.ActiveCfg = Debug|Any CPU
		{633FB1D2-551C-49EF-9035-2C91509D17D2}.Debug|Any CPU.Build.0 = Debug|Any CPU
		{633FB1D2-551C-49EF-9035-2C91509D17D2}.Debug|x64.ActiveCfg = Debug|Any CPU
		{633FB1D2-551C-49EF-9035-2C91509D17D2}.Debug|x64.Build.0 = Debug|Any CPU
		{633FB1D2-551C-49EF-9035-2C91509D17D2}.Debug|x86.ActiveCfg = Debug|Any CPU
		{633FB1D2-551C-49EF-9035-2C91509D17D2}.Debug|x86.Build.0 = Debug|Any CPU
		{633FB1D2-551C-49EF-9035-2C91509D17D2}.Release|Any CPU.ActiveCfg = Release|Any CPU
		{633FB1D2-551C-49EF-9035-2C91509D17D2}.Release|Any CPU.Build.0 = Release|Any CPU
		{633FB1D2-551C-49EF-9035-2C91509D17D2}.Release|x64.ActiveCfg = Release|Any CPU
		{633FB1D2-551C-49EF-9035-2C91509D17D2}.Release|x64.Build.0 = Release|Any CPU
		{633FB1D2-551C-49EF-9035-2C91509D17D2}.Release|x86.ActiveCfg = Release|Any CPU
		{633FB1D2-551C-49EF-9035-2C91509D17D2}.Release|x86.Build.0 = Release|Any CPU
	EndGlobalSection
	GlobalSection(SolutionProperties) = preSolution
		HideSolutionNode = FALSE
	EndGlobalSection
	GlobalSection(NestedProjects) = preSolution
		{74A75976-B25E-4E47-95C9-5EBBB6A5B39E} = {827E0CD3-B72D-47B6-A68D-7590B98EB39B}
		{A6C4DC76-EBAF-4716-90E6-1BF75E6494F1} = {827E0CD3-B72D-47B6-A68D-7590B98EB39B}
		{2619DB4B-F740-47FE-B57F-A7ABD121987A} = {827E0CD3-B72D-47B6-A68D-7590B98EB39B}
		{633FB1D2-551C-49EF-9035-2C91509D17D2} = {827E0CD3-B72D-47B6-A68D-7590B98EB39B}
	EndGlobalSection
EndGlobal
